// !$*UTF8*$!
{
	archiveVersion = 1;
	classes = {
	};
	objectVersion = 46;
	objects = {

/* Begin PBXBuildFile section */
		1C316565EF6CCFB8B3CFFBBF /* Pods_OpportunityHack.framework in Frameworks */ = {isa = PBXBuildFile; fileRef = 52743C026E172EE34E520660 /* Pods_OpportunityHack.framework */; };
		7BB38BD01D964890001A4494 /* AppDelegate.swift in Sources */ = {isa = PBXBuildFile; fileRef = 7BB38BCF1D964890001A4494 /* AppDelegate.swift */; };
		7BB38BD21D964890001A4494 /* ViewController.swift in Sources */ = {isa = PBXBuildFile; fileRef = 7BB38BD11D964890001A4494 /* ViewController.swift */; };
		7BB38BD51D964890001A4494 /* Main.storyboard in Resources */ = {isa = PBXBuildFile; fileRef = 7BB38BD31D964890001A4494 /* Main.storyboard */; };
		7BB38BD71D964890001A4494 /* Assets.xcassets in Resources */ = {isa = PBXBuildFile; fileRef = 7BB38BD61D964890001A4494 /* Assets.xcassets */; };
		7BB38BDA1D964890001A4494 /* LaunchScreen.storyboard in Resources */ = {isa = PBXBuildFile; fileRef = 7BB38BD81D964890001A4494 /* LaunchScreen.storyboard */; };
		7BB38BE51D964891001A4494 /* OpportunityHackTests.swift in Sources */ = {isa = PBXBuildFile; fileRef = 7BB38BE41D964891001A4494 /* OpportunityHackTests.swift */; };
		7BB38BF01D964891001A4494 /* OpportunityHackUITests.swift in Sources */ = {isa = PBXBuildFile; fileRef = 7BB38BEF1D964891001A4494 /* OpportunityHackUITests.swift */; };
		A0E357AAC1D73F1C2471A088 /* Pods_OpportunityHackTests.framework in Frameworks */ = {isa = PBXBuildFile; fileRef = 564E1DD7220D7926AD8E5E0A /* Pods_OpportunityHackTests.framework */; };
		C07A98E8B219A19370A6173D /* Pods_OpportunityHackUITests.framework in Frameworks */ = {isa = PBXBuildFile; fileRef = 069C512EBA6B1C04F8E365E6 /* Pods_OpportunityHackUITests.framework */; };
/* End PBXBuildFile section */

/* Begin PBXContainerItemProxy section */
		7BB38BE11D964891001A4494 /* PBXContainerItemProxy */ = {
			isa = PBXContainerItemProxy;
			containerPortal = 7BB38BC41D964890001A4494 /* Project object */;
			proxyType = 1;
			remoteGlobalIDString = 7BB38BCB1D964890001A4494;
			remoteInfo = OpportunityHack;
		};
		7BB38BEC1D964891001A4494 /* PBXContainerItemProxy */ = {
			isa = PBXContainerItemProxy;
			containerPortal = 7BB38BC41D964890001A4494 /* Project object */;
			proxyType = 1;
			remoteGlobalIDString = 7BB38BCB1D964890001A4494;
			remoteInfo = OpportunityHack;
		};
/* End PBXContainerItemProxy section */

/* Begin PBXFileReference section */
		069C512EBA6B1C04F8E365E6 /* Pods_OpportunityHackUITests.framework */ = {isa = PBXFileReference; explicitFileType = wrapper.framework; includeInIndex = 0; path = Pods_OpportunityHackUITests.framework; sourceTree = BUILT_PRODUCTS_DIR; };
		1917988A7EE4CF39260AE252 /* Pods-OpportunityHack.debug.xcconfig */ = {isa = PBXFileReference; includeInIndex = 1; lastKnownFileType = text.xcconfig; name = "Pods-OpportunityHack.debug.xcconfig"; path = "Pods/Target Support Files/Pods-OpportunityHack/Pods-OpportunityHack.debug.xcconfig"; sourceTree = "<group>"; };
		2450987C91FD39F1CCFE3C21 /* Pods-OpportunityHackTests.release.xcconfig */ = {isa = PBXFileReference; includeInIndex = 1; lastKnownFileType = text.xcconfig; name = "Pods-OpportunityHackTests.release.xcconfig"; path = "Pods/Target Support Files/Pods-OpportunityHackTests/Pods-OpportunityHackTests.release.xcconfig"; sourceTree = "<group>"; };
		33EA7FD3A39F396AC16BE1CC /* Pods-OpportunityHackUITests.release.xcconfig */ = {isa = PBXFileReference; includeInIndex = 1; lastKnownFileType = text.xcconfig; name = "Pods-OpportunityHackUITests.release.xcconfig"; path = "Pods/Target Support Files/Pods-OpportunityHackUITests/Pods-OpportunityHackUITests.release.xcconfig"; sourceTree = "<group>"; };
		3F94442FC23E3DCA03853C41 /* Pods-OpportunityHackTests.debug.xcconfig */ = {isa = PBXFileReference; includeInIndex = 1; lastKnownFileType = text.xcconfig; name = "Pods-OpportunityHackTests.debug.xcconfig"; path = "Pods/Target Support Files/Pods-OpportunityHackTests/Pods-OpportunityHackTests.debug.xcconfig"; sourceTree = "<group>"; };
		52743C026E172EE34E520660 /* Pods_OpportunityHack.framework */ = {isa = PBXFileReference; explicitFileType = wrapper.framework; includeInIndex = 0; path = Pods_OpportunityHack.framework; sourceTree = BUILT_PRODUCTS_DIR; };
		564E1DD7220D7926AD8E5E0A /* Pods_OpportunityHackTests.framework */ = {isa = PBXFileReference; explicitFileType = wrapper.framework; includeInIndex = 0; path = Pods_OpportunityHackTests.framework; sourceTree = BUILT_PRODUCTS_DIR; };
		7BB38BCC1D964890001A4494 /* OpportunityHack.app */ = {isa = PBXFileReference; explicitFileType = wrapper.application; includeInIndex = 0; path = OpportunityHack.app; sourceTree = BUILT_PRODUCTS_DIR; };
		7BB38BCF1D964890001A4494 /* AppDelegate.swift */ = {isa = PBXFileReference; lastKnownFileType = sourcecode.swift; path = AppDelegate.swift; sourceTree = "<group>"; };
		7BB38BD11D964890001A4494 /* ViewController.swift */ = {isa = PBXFileReference; lastKnownFileType = sourcecode.swift; path = ViewController.swift; sourceTree = "<group>"; };
		7BB38BD41D964890001A4494 /* Base */ = {isa = PBXFileReference; lastKnownFileType = file.storyboard; name = Base; path = Base.lproj/Main.storyboard; sourceTree = "<group>"; };
		7BB38BD61D964890001A4494 /* Assets.xcassets */ = {isa = PBXFileReference; lastKnownFileType = folder.assetcatalog; path = Assets.xcassets; sourceTree = "<group>"; };
		7BB38BD91D964890001A4494 /* Base */ = {isa = PBXFileReference; lastKnownFileType = file.storyboard; name = Base; path = Base.lproj/LaunchScreen.storyboard; sourceTree = "<group>"; };
		7BB38BDB1D964890001A4494 /* Info.plist */ = {isa = PBXFileReference; lastKnownFileType = text.plist.xml; path = Info.plist; sourceTree = "<group>"; };
		7BB38BE01D964891001A4494 /* OpportunityHackTests.xctest */ = {isa = PBXFileReference; explicitFileType = wrapper.cfbundle; includeInIndex = 0; path = OpportunityHackTests.xctest; sourceTree = BUILT_PRODUCTS_DIR; };
		7BB38BE41D964891001A4494 /* OpportunityHackTests.swift */ = {isa = PBXFileReference; lastKnownFileType = sourcecode.swift; path = OpportunityHackTests.swift; sourceTree = "<group>"; };
		7BB38BE61D964891001A4494 /* Info.plist */ = {isa = PBXFileReference; lastKnownFileType = text.plist.xml; path = Info.plist; sourceTree = "<group>"; };
		7BB38BEB1D964891001A4494 /* OpportunityHackUITests.xctest */ = {isa = PBXFileReference; explicitFileType = wrapper.cfbundle; includeInIndex = 0; path = OpportunityHackUITests.xctest; sourceTree = BUILT_PRODUCTS_DIR; };
		7BB38BEF1D964891001A4494 /* OpportunityHackUITests.swift */ = {isa = PBXFileReference; lastKnownFileType = sourcecode.swift; path = OpportunityHackUITests.swift; sourceTree = "<group>"; };
		7BB38BF11D964891001A4494 /* Info.plist */ = {isa = PBXFileReference; lastKnownFileType = text.plist.xml; path = Info.plist; sourceTree = "<group>"; };
		E0659DADB99BE14EE99D7084 /* Pods-OpportunityHack.release.xcconfig */ = {isa = PBXFileReference; includeInIndex = 1; lastKnownFileType = text.xcconfig; name = "Pods-OpportunityHack.release.xcconfig"; path = "Pods/Target Support Files/Pods-OpportunityHack/Pods-OpportunityHack.release.xcconfig"; sourceTree = "<group>"; };
		F0BAA5128A5ACE8C845791E5 /* Pods-OpportunityHackUITests.debug.xcconfig */ = {isa = PBXFileReference; includeInIndex = 1; lastKnownFileType = text.xcconfig; name = "Pods-OpportunityHackUITests.debug.xcconfig"; path = "Pods/Target Support Files/Pods-OpportunityHackUITests/Pods-OpportunityHackUITests.debug.xcconfig"; sourceTree = "<group>"; };
/* End PBXFileReference section */

/* Begin PBXFrameworksBuildPhase section */
		7BB38BC91D964890001A4494 /* Frameworks */ = {
			isa = PBXFrameworksBuildPhase;
			buildActionMask = 2147483647;
			files = (
				1C316565EF6CCFB8B3CFFBBF /* Pods_OpportunityHack.framework in Frameworks */,
			);
			runOnlyForDeploymentPostprocessing = 0;
		};
		7BB38BDD1D964891001A4494 /* Frameworks */ = {
			isa = PBXFrameworksBuildPhase;
			buildActionMask = 2147483647;
			files = (
				A0E357AAC1D73F1C2471A088 /* Pods_OpportunityHackTests.framework in Frameworks */,
			);
			runOnlyForDeploymentPostprocessing = 0;
		};
		7BB38BE81D964891001A4494 /* Frameworks */ = {
			isa = PBXFrameworksBuildPhase;
			buildActionMask = 2147483647;
			files = (
				C07A98E8B219A19370A6173D /* Pods_OpportunityHackUITests.framework in Frameworks */,
			);
			runOnlyForDeploymentPostprocessing = 0;
		};
/* End PBXFrameworksBuildPhase section */

/* Begin PBXGroup section */
		4ECF96D767708B40B9006A81 /* Frameworks */ = {
			isa = PBXGroup;
			children = (
				52743C026E172EE34E520660 /* Pods_OpportunityHack.framework */,
				564E1DD7220D7926AD8E5E0A /* Pods_OpportunityHackTests.framework */,
				069C512EBA6B1C04F8E365E6 /* Pods_OpportunityHackUITests.framework */,
			);
			name = Frameworks;
			sourceTree = "<group>";
		};
		7BB38BC31D964890001A4494 = {
			isa = PBXGroup;
			children = (
				7BB38BCE1D964890001A4494 /* OpportunityHack */,
				7BB38BE31D964891001A4494 /* OpportunityHackTests */,
				7BB38BEE1D964891001A4494 /* OpportunityHackUITests */,
				7BB38BCD1D964890001A4494 /* Products */,
				8F352F956E7D3F706157EEE1 /* Pods */,
				4ECF96D767708B40B9006A81 /* Frameworks */,
			);
			sourceTree = "<group>";
		};
		7BB38BCD1D964890001A4494 /* Products */ = {
			isa = PBXGroup;
			children = (
				7BB38BCC1D964890001A4494 /* OpportunityHack.app */,
				7BB38BE01D964891001A4494 /* OpportunityHackTests.xctest */,
				7BB38BEB1D964891001A4494 /* OpportunityHackUITests.xctest */,
			);
			name = Products;
			sourceTree = "<group>";
		};
		7BB38BCE1D964890001A4494 /* OpportunityHack */ = {
			isa = PBXGroup;
			children = (
				7BF00B761D9731B30099CD54 /* Util */,
				7BF00B751D9731AE0099CD54 /* Mapper */,
				7BF00B741D97318D0099CD54 /* Manager */,
				7BF00B731D97317E0099CD54 /* View */,
				7BF00B721D9731770099CD54 /* Model */,
				7BF00B711D97316B0099CD54 /* Controllers */,
				7BB38BCF1D964890001A4494 /* AppDelegate.swift */,
				7BB38BD11D964890001A4494 /* ViewController.swift */,
				7BB38BD31D964890001A4494 /* Main.storyboard */,
				7BB38BD61D964890001A4494 /* Assets.xcassets */,
				7BB38BD81D964890001A4494 /* LaunchScreen.storyboard */,
				7BB38BDB1D964890001A4494 /* Info.plist */,
			);
			path = OpportunityHack;
			sourceTree = "<group>";
		};
		7BB38BE31D964891001A4494 /* OpportunityHackTests */ = {
			isa = PBXGroup;
			children = (
				7BB38BE41D964891001A4494 /* OpportunityHackTests.swift */,
				7BB38BE61D964891001A4494 /* Info.plist */,
			);
			path = OpportunityHackTests;
			sourceTree = "<group>";
		};
		7BB38BEE1D964891001A4494 /* OpportunityHackUITests */ = {
			isa = PBXGroup;
			children = (
				7BB38BEF1D964891001A4494 /* OpportunityHackUITests.swift */,
				7BB38BF11D964891001A4494 /* Info.plist */,
			);
			path = OpportunityHackUITests;
			sourceTree = "<group>";
		};
		7BF00B711D97316B0099CD54 /* Controllers */ = {
			isa = PBXGroup;
			children = (
			);
			name = Controllers;
			sourceTree = "<group>";
		};
		7BF00B721D9731770099CD54 /* Model */ = {
			isa = PBXGroup;
			children = (
			);
			name = Model;
			sourceTree = "<group>";
		};
		7BF00B731D97317E0099CD54 /* View */ = {
			isa = PBXGroup;
			children = (
			);
			name = View;
			sourceTree = "<group>";
		};
		7BF00B741D97318D0099CD54 /* Manager */ = {
			isa = PBXGroup;
			children = (
			);
			name = Manager;
			sourceTree = "<group>";
		};
		7BF00B751D9731AE0099CD54 /* Mapper */ = {
			isa = PBXGroup;
			children = (
			);
			name = Mapper;
			sourceTree = "<group>";
		};
		7BF00B761D9731B30099CD54 /* Util */ = {
			isa = PBXGroup;
			children = (
			);
			name = Util;
			sourceTree = "<group>";
		};
		8F352F956E7D3F706157EEE1 /* Pods */ = {
			isa = PBXGroup;
			children = (
				1917988A7EE4CF39260AE252 /* Pods-OpportunityHack.debug.xcconfig */,
				E0659DADB99BE14EE99D7084 /* Pods-OpportunityHack.release.xcconfig */,
				3F94442FC23E3DCA03853C41 /* Pods-OpportunityHackTests.debug.xcconfig */,
				2450987C91FD39F1CCFE3C21 /* Pods-OpportunityHackTests.release.xcconfig */,
				F0BAA5128A5ACE8C845791E5 /* Pods-OpportunityHackUITests.debug.xcconfig */,
				33EA7FD3A39F396AC16BE1CC /* Pods-OpportunityHackUITests.release.xcconfig */,
			);
			name = Pods;
			sourceTree = "<group>";
		};
/* End PBXGroup section */

/* Begin PBXNativeTarget section */
		7BB38BCB1D964890001A4494 /* OpportunityHack */ = {
			isa = PBXNativeTarget;
			buildConfigurationList = 7BB38BF41D964891001A4494 /* Build configuration list for PBXNativeTarget "OpportunityHack" */;
			buildPhases = (
				9B373EC30213F57F782883C0 /* [CP] Check Pods Manifest.lock */,
				7BB38BC81D964890001A4494 /* Sources */,
				7BB38BC91D964890001A4494 /* Frameworks */,
				7BB38BCA1D964890001A4494 /* Resources */,
				B9047B8AE02CC4F1F5407F6A /* [CP] Embed Pods Frameworks */,
				1ACF425C9338786B7C61EC05 /* [CP] Copy Pods Resources */,
			);
			buildRules = (
			);
			dependencies = (
			);
			name = OpportunityHack;
			productName = OpportunityHack;
			productReference = 7BB38BCC1D964890001A4494 /* OpportunityHack.app */;
			productType = "com.apple.product-type.application";
		};
		7BB38BDF1D964891001A4494 /* OpportunityHackTests */ = {
			isa = PBXNativeTarget;
			buildConfigurationList = 7BB38BF71D964891001A4494 /* Build configuration list for PBXNativeTarget "OpportunityHackTests" */;
			buildPhases = (
				67F0A59BFEB80B64B2D58E4D /* [CP] Check Pods Manifest.lock */,
				7BB38BDC1D964891001A4494 /* Sources */,
				7BB38BDD1D964891001A4494 /* Frameworks */,
				7BB38BDE1D964891001A4494 /* Resources */,
				D521A04DDFA908CC1857E33C /* [CP] Embed Pods Frameworks */,
				F6F8AC4C5225757C287F7906 /* [CP] Copy Pods Resources */,
			);
			buildRules = (
			);
			dependencies = (
				7BB38BE21D964891001A4494 /* PBXTargetDependency */,
			);
			name = OpportunityHackTests;
			productName = OpportunityHackTests;
			productReference = 7BB38BE01D964891001A4494 /* OpportunityHackTests.xctest */;
			productType = "com.apple.product-type.bundle.unit-test";
		};
		7BB38BEA1D964891001A4494 /* OpportunityHackUITests */ = {
			isa = PBXNativeTarget;
			buildConfigurationList = 7BB38BFA1D964891001A4494 /* Build configuration list for PBXNativeTarget "OpportunityHackUITests" */;
			buildPhases = (
				9E174C14534E6EA5A055A593 /* [CP] Check Pods Manifest.lock */,
				7BB38BE71D964891001A4494 /* Sources */,
				7BB38BE81D964891001A4494 /* Frameworks */,
				7BB38BE91D964891001A4494 /* Resources */,
				537AC0DD4F1E6E416B174C01 /* [CP] Copy Pods Resources */,
			);
			buildRules = (
			);
			dependencies = (
				7BB38BED1D964891001A4494 /* PBXTargetDependency */,
			);
			name = OpportunityHackUITests;
			productName = OpportunityHackUITests;
			productReference = 7BB38BEB1D964891001A4494 /* OpportunityHackUITests.xctest */;
			productType = "com.apple.product-type.bundle.ui-testing";
		};
/* End PBXNativeTarget section */

/* Begin PBXProject section */
		7BB38BC41D964890001A4494 /* Project object */ = {
			isa = PBXProject;
			attributes = {
				LastSwiftUpdateCheck = 0800;
				LastUpgradeCheck = 0800;
				ORGANIZATIONNAME = "iOS Group 5";
				TargetAttributes = {
					7BB38BCB1D964890001A4494 = {
						CreatedOnToolsVersion = 8.0;
						ProvisioningStyle = Automatic;
					};
					7BB38BDF1D964891001A4494 = {
						CreatedOnToolsVersion = 8.0;
						ProvisioningStyle = Automatic;
						TestTargetID = 7BB38BCB1D964890001A4494;
					};
					7BB38BEA1D964891001A4494 = {
						CreatedOnToolsVersion = 8.0;
						ProvisioningStyle = Automatic;
						TestTargetID = 7BB38BCB1D964890001A4494;
					};
				};
			};
			buildConfigurationList = 7BB38BC71D964890001A4494 /* Build configuration list for PBXProject "OpportunityHack" */;
			compatibilityVersion = "Xcode 3.2";
			developmentRegion = English;
			hasScannedForEncodings = 0;
			knownRegions = (
				en,
				Base,
			);
			mainGroup = 7BB38BC31D964890001A4494;
			productRefGroup = 7BB38BCD1D964890001A4494 /* Products */;
			projectDirPath = "";
			projectRoot = "";
			targets = (
				7BB38BCB1D964890001A4494 /* OpportunityHack */,
				7BB38BDF1D964891001A4494 /* OpportunityHackTests */,
				7BB38BEA1D964891001A4494 /* OpportunityHackUITests */,
			);
		};
/* End PBXProject section */

/* Begin PBXResourcesBuildPhase section */
		7BB38BCA1D964890001A4494 /* Resources */ = {
			isa = PBXResourcesBuildPhase;
			buildActionMask = 2147483647;
			files = (
				7BB38BDA1D964890001A4494 /* LaunchScreen.storyboard in Resources */,
				7BB38BD71D964890001A4494 /* Assets.xcassets in Resources */,
				7BB38BD51D964890001A4494 /* Main.storyboard in Resources */,
			);
			runOnlyForDeploymentPostprocessing = 0;
		};
		7BB38BDE1D964891001A4494 /* Resources */ = {
			isa = PBXResourcesBuildPhase;
			buildActionMask = 2147483647;
			files = (
			);
			runOnlyForDeploymentPostprocessing = 0;
		};
		7BB38BE91D964891001A4494 /* Resources */ = {
			isa = PBXResourcesBuildPhase;
			buildActionMask = 2147483647;
			files = (
			);
			runOnlyForDeploymentPostprocessing = 0;
		};
/* End PBXResourcesBuildPhase section */

/* Begin PBXShellScriptBuildPhase section */
		1ACF425C9338786B7C61EC05 /* [CP] Copy Pods Resources */ = {
			isa = PBXShellScriptBuildPhase;
			buildActionMask = 2147483647;
			files = (
			);
			inputPaths = (
			);
			name = "[CP] Copy Pods Resources";
			outputPaths = (
			);
			runOnlyForDeploymentPostprocessing = 0;
			shellPath = /bin/sh;
			shellScript = "\"${SRCROOT}/Pods/Target Support Files/Pods-OpportunityHack/Pods-OpportunityHack-resources.sh\"\n";
			showEnvVarsInLog = 0;
		};
		537AC0DD4F1E6E416B174C01 /* [CP] Copy Pods Resources */ = {
			isa = PBXShellScriptBuildPhase;
			buildActionMask = 2147483647;
			files = (
			);
			inputPaths = (
			);
			name = "[CP] Copy Pods Resources";
			outputPaths = (
			);
			runOnlyForDeploymentPostprocessing = 0;
			shellPath = /bin/sh;
			shellScript = "\"${SRCROOT}/Pods/Target Support Files/Pods-OpportunityHackUITests/Pods-OpportunityHackUITests-resources.sh\"\n";
			showEnvVarsInLog = 0;
		};
		67F0A59BFEB80B64B2D58E4D /* [CP] Check Pods Manifest.lock */ = {
			isa = PBXShellScriptBuildPhase;
			buildActionMask = 2147483647;
			files = (
			);
			inputPaths = (
			);
			name = "[CP] Check Pods Manifest.lock";
			outputPaths = (
			);
			runOnlyForDeploymentPostprocessing = 0;
			shellPath = /bin/sh;
			shellScript = "diff \"${PODS_ROOT}/../Podfile.lock\" \"${PODS_ROOT}/Manifest.lock\" > /dev/null\nif [[ $? != 0 ]] ; then\n    cat << EOM\nerror: The sandbox is not in sync with the Podfile.lock. Run 'pod install' or update your CocoaPods installation.\nEOM\n    exit 1\nfi\n";
			showEnvVarsInLog = 0;
		};
		9B373EC30213F57F782883C0 /* [CP] Check Pods Manifest.lock */ = {
			isa = PBXShellScriptBuildPhase;
			buildActionMask = 2147483647;
			files = (
			);
			inputPaths = (
			);
			name = "[CP] Check Pods Manifest.lock";
			outputPaths = (
			);
			runOnlyForDeploymentPostprocessing = 0;
			shellPath = /bin/sh;
			shellScript = "diff \"${PODS_ROOT}/../Podfile.lock\" \"${PODS_ROOT}/Manifest.lock\" > /dev/null\nif [[ $? != 0 ]] ; then\n    cat << EOM\nerror: The sandbox is not in sync with the Podfile.lock. Run 'pod install' or update your CocoaPods installation.\nEOM\n    exit 1\nfi\n";
			showEnvVarsInLog = 0;
		};
		9E174C14534E6EA5A055A593 /* [CP] Check Pods Manifest.lock */ = {
			isa = PBXShellScriptBuildPhase;
			buildActionMask = 2147483647;
			files = (
			);
			inputPaths = (
			);
			name = "[CP] Check Pods Manifest.lock";
			outputPaths = (
			);
			runOnlyForDeploymentPostprocessing = 0;
			shellPath = /bin/sh;
			shellScript = "diff \"${PODS_ROOT}/../Podfile.lock\" \"${PODS_ROOT}/Manifest.lock\" > /dev/null\nif [[ $? != 0 ]] ; then\n    cat << EOM\nerror: The sandbox is not in sync with the Podfile.lock. Run 'pod install' or update your CocoaPods installation.\nEOM\n    exit 1\nfi\n";
			showEnvVarsInLog = 0;
		};
		B9047B8AE02CC4F1F5407F6A /* [CP] Embed Pods Frameworks */ = {
			isa = PBXShellScriptBuildPhase;
			buildActionMask = 2147483647;
			files = (
			);
			inputPaths = (
			);
			name = "[CP] Embed Pods Frameworks";
			outputPaths = (
			);
			runOnlyForDeploymentPostprocessing = 0;
			shellPath = /bin/sh;
			shellScript = "\"${SRCROOT}/Pods/Target Support Files/Pods-OpportunityHack/Pods-OpportunityHack-frameworks.sh\"\n";
			showEnvVarsInLog = 0;
		};
		D521A04DDFA908CC1857E33C /* [CP] Embed Pods Frameworks */ = {
			isa = PBXShellScriptBuildPhase;
			buildActionMask = 2147483647;
			files = (
			);
			inputPaths = (
			);
			name = "[CP] Embed Pods Frameworks";
			outputPaths = (
			);
			runOnlyForDeploymentPostprocessing = 0;
			shellPath = /bin/sh;
			shellScript = "\"${SRCROOT}/Pods/Target Support Files/Pods-OpportunityHackTests/Pods-OpportunityHackTests-frameworks.sh\"\n";
			showEnvVarsInLog = 0;
		};
		F6F8AC4C5225757C287F7906 /* [CP] Copy Pods Resources */ = {
			isa = PBXShellScriptBuildPhase;
			buildActionMask = 2147483647;
			files = (
			);
			inputPaths = (
			);
			name = "[CP] Copy Pods Resources";
			outputPaths = (
			);
			runOnlyForDeploymentPostprocessing = 0;
			shellPath = /bin/sh;
			shellScript = "\"${SRCROOT}/Pods/Target Support Files/Pods-OpportunityHackTests/Pods-OpportunityHackTests-resources.sh\"\n";
			showEnvVarsInLog = 0;
		};
/* End PBXShellScriptBuildPhase section */

/* Begin PBXSourcesBuildPhase section */
		7BB38BC81D964890001A4494 /* Sources */ = {
			isa = PBXSourcesBuildPhase;
			buildActionMask = 2147483647;
			files = (
				7BB38BD21D964890001A4494 /* ViewController.swift in Sources */,
				7BB38BD01D964890001A4494 /* AppDelegate.swift in Sources */,
			);
			runOnlyForDeploymentPostprocessing = 0;
		};
		7BB38BDC1D964891001A4494 /* Sources */ = {
			isa = PBXSourcesBuildPhase;
			buildActionMask = 2147483647;
			files = (
				7BB38BE51D964891001A4494 /* OpportunityHackTests.swift in Sources */,
			);
			runOnlyForDeploymentPostprocessing = 0;
		};
		7BB38BE71D964891001A4494 /* Sources */ = {
			isa = PBXSourcesBuildPhase;
			buildActionMask = 2147483647;
			files = (
				7BB38BF01D964891001A4494 /* OpportunityHackUITests.swift in Sources */,
			);
			runOnlyForDeploymentPostprocessing = 0;
		};
/* End PBXSourcesBuildPhase section */

/* Begin PBXTargetDependency section */
		7BB38BE21D964891001A4494 /* PBXTargetDependency */ = {
			isa = PBXTargetDependency;
			target = 7BB38BCB1D964890001A4494 /* OpportunityHack */;
			targetProxy = 7BB38BE11D964891001A4494 /* PBXContainerItemProxy */;
		};
		7BB38BED1D964891001A4494 /* PBXTargetDependency */ = {
			isa = PBXTargetDependency;
			target = 7BB38BCB1D964890001A4494 /* OpportunityHack */;
			targetProxy = 7BB38BEC1D964891001A4494 /* PBXContainerItemProxy */;
		};
/* End PBXTargetDependency section */

/* Begin PBXVariantGroup section */
		7BB38BD31D964890001A4494 /* Main.storyboard */ = {
			isa = PBXVariantGroup;
			children = (
				7BB38BD41D964890001A4494 /* Base */,
			);
			name = Main.storyboard;
			sourceTree = "<group>";
		};
		7BB38BD81D964890001A4494 /* LaunchScreen.storyboard */ = {
			isa = PBXVariantGroup;
			children = (
				7BB38BD91D964890001A4494 /* Base */,
			);
			name = LaunchScreen.storyboard;
			sourceTree = "<group>";
		};
/* End PBXVariantGroup section */

/* Begin XCBuildConfiguration section */
		7BB38BF21D964891001A4494 /* Debug */ = {
			isa = XCBuildConfiguration;
			buildSettings = {
				ALWAYS_SEARCH_USER_PATHS = NO;
				CLANG_ANALYZER_NONNULL = YES;
				CLANG_CXX_LANGUAGE_STANDARD = "gnu++0x";
				CLANG_CXX_LIBRARY = "libc++";
				CLANG_ENABLE_MODULES = YES;
				CLANG_ENABLE_OBJC_ARC = YES;
				CLANG_WARN_BOOL_CONVERSION = YES;
				CLANG_WARN_CONSTANT_CONVERSION = YES;
				CLANG_WARN_DIRECT_OBJC_ISA_USAGE = YES_ERROR;
				CLANG_WARN_DOCUMENTATION_COMMENTS = YES;
				CLANG_WARN_EMPTY_BODY = YES;
				CLANG_WARN_ENUM_CONVERSION = YES;
				CLANG_WARN_INFINITE_RECURSION = YES;
				CLANG_WARN_INT_CONVERSION = YES;
				CLANG_WARN_OBJC_ROOT_CLASS = YES_ERROR;
				CLANG_WARN_SUSPICIOUS_MOVES = YES;
				CLANG_WARN_UNREACHABLE_CODE = YES;
				CLANG_WARN__DUPLICATE_METHOD_MATCH = YES;
				"CODE_SIGN_IDENTITY[sdk=iphoneos*]" = "iPhone Developer";
				COPY_PHASE_STRIP = NO;
				DEBUG_INFORMATION_FORMAT = dwarf;
				ENABLE_STRICT_OBJC_MSGSEND = YES;
				ENABLE_TESTABILITY = YES;
				GCC_C_LANGUAGE_STANDARD = gnu99;
				GCC_DYNAMIC_NO_PIC = NO;
				GCC_NO_COMMON_BLOCKS = YES;
				GCC_OPTIMIZATION_LEVEL = 0;
				GCC_PREPROCESSOR_DEFINITIONS = (
					"DEBUG=1",
					"$(inherited)",
				);
				GCC_WARN_64_TO_32_BIT_CONVERSION = YES;
				GCC_WARN_ABOUT_RETURN_TYPE = YES_ERROR;
				GCC_WARN_UNDECLARED_SELECTOR = YES;
				GCC_WARN_UNINITIALIZED_AUTOS = YES_AGGRESSIVE;
				GCC_WARN_UNUSED_FUNCTION = YES;
				GCC_WARN_UNUSED_VARIABLE = YES;
				IPHONEOS_DEPLOYMENT_TARGET = 10.0;
				MTL_ENABLE_DEBUG_INFO = YES;
				ONLY_ACTIVE_ARCH = YES;
				SDKROOT = iphoneos;
				SWIFT_ACTIVE_COMPILATION_CONDITIONS = DEBUG;
				SWIFT_OPTIMIZATION_LEVEL = "-Onone";
			};
			name = Debug;
		};
		7BB38BF31D964891001A4494 /* Release */ = {
			isa = XCBuildConfiguration;
			buildSettings = {
				ALWAYS_SEARCH_USER_PATHS = NO;
				CLANG_ANALYZER_NONNULL = YES;
				CLANG_CXX_LANGUAGE_STANDARD = "gnu++0x";
				CLANG_CXX_LIBRARY = "libc++";
				CLANG_ENABLE_MODULES = YES;
				CLANG_ENABLE_OBJC_ARC = YES;
				CLANG_WARN_BOOL_CONVERSION = YES;
				CLANG_WARN_CONSTANT_CONVERSION = YES;
				CLANG_WARN_DIRECT_OBJC_ISA_USAGE = YES_ERROR;
				CLANG_WARN_DOCUMENTATION_COMMENTS = YES;
				CLANG_WARN_EMPTY_BODY = YES;
				CLANG_WARN_ENUM_CONVERSION = YES;
				CLANG_WARN_INFINITE_RECURSION = YES;
				CLANG_WARN_INT_CONVERSION = YES;
				CLANG_WARN_OBJC_ROOT_CLASS = YES_ERROR;
				CLANG_WARN_SUSPICIOUS_MOVES = YES;
				CLANG_WARN_UNREACHABLE_CODE = YES;
				CLANG_WARN__DUPLICATE_METHOD_MATCH = YES;
				"CODE_SIGN_IDENTITY[sdk=iphoneos*]" = "iPhone Developer";
				COPY_PHASE_STRIP = NO;
				DEBUG_INFORMATION_FORMAT = "dwarf-with-dsym";
				ENABLE_NS_ASSERTIONS = NO;
				ENABLE_STRICT_OBJC_MSGSEND = YES;
				GCC_C_LANGUAGE_STANDARD = gnu99;
				GCC_NO_COMMON_BLOCKS = YES;
				GCC_WARN_64_TO_32_BIT_CONVERSION = YES;
				GCC_WARN_ABOUT_RETURN_TYPE = YES_ERROR;
				GCC_WARN_UNDECLARED_SELECTOR = YES;
				GCC_WARN_UNINITIALIZED_AUTOS = YES_AGGRESSIVE;
				GCC_WARN_UNUSED_FUNCTION = YES;
				GCC_WARN_UNUSED_VARIABLE = YES;
				IPHONEOS_DEPLOYMENT_TARGET = 10.0;
				MTL_ENABLE_DEBUG_INFO = NO;
				SDKROOT = iphoneos;
				SWIFT_OPTIMIZATION_LEVEL = "-Owholemodule";
				VALIDATE_PRODUCT = YES;
			};
			name = Release;
		};
		7BB38BF51D964891001A4494 /* Debug */ = {
			isa = XCBuildConfiguration;
			baseConfigurationReference = 1917988A7EE4CF39260AE252 /* Pods-OpportunityHack.debug.xcconfig */;
			buildSettings = {
				ASSETCATALOG_COMPILER_APPICON_NAME = AppIcon;
				INFOPLIST_FILE = OpportunityHack/Info.plist;
				LD_RUNPATH_SEARCH_PATHS = "$(inherited) @executable_path/Frameworks";
				PRODUCT_BUNDLE_IDENTIFIER = com.hackathon.opportunity.OpportunityHack;
				PRODUCT_NAME = "$(TARGET_NAME)";
				SWIFT_VERSION = 3.0;
			};
			name = Debug;
		};
		7BB38BF61D964891001A4494 /* Release */ = {
			isa = XCBuildConfiguration;
			baseConfigurationReference = E0659DADB99BE14EE99D7084 /* Pods-OpportunityHack.release.xcconfig */;
			buildSettings = {
				ASSETCATALOG_COMPILER_APPICON_NAME = AppIcon;
				INFOPLIST_FILE = OpportunityHack/Info.plist;
				LD_RUNPATH_SEARCH_PATHS = "$(inherited) @executable_path/Frameworks";
				PRODUCT_BUNDLE_IDENTIFIER = com.hackathon.opportunity.OpportunityHack;
				PRODUCT_NAME = "$(TARGET_NAME)";
				SWIFT_VERSION = 3.0;
			};
			name = Release;
		};
		7BB38BF81D964891001A4494 /* Debug */ = {
			isa = XCBuildConfiguration;
			baseConfigurationReference = 3F94442FC23E3DCA03853C41 /* Pods-OpportunityHackTests.debug.xcconfig */;
			buildSettings = {
				ALWAYS_EMBED_SWIFT_STANDARD_LIBRARIES = YES;
				BUNDLE_LOADER = "$(TEST_HOST)";
				INFOPLIST_FILE = OpportunityHackTests/Info.plist;
				LD_RUNPATH_SEARCH_PATHS = "$(inherited) @executable_path/Frameworks @loader_path/Frameworks";
				PRODUCT_BUNDLE_IDENTIFIER = com.hackathon.opportunity.OpportunityHackTests;
				PRODUCT_NAME = "$(TARGET_NAME)";
				SWIFT_VERSION = 3.0;
				TEST_HOST = "$(BUILT_PRODUCTS_DIR)/OpportunityHack.app/OpportunityHack";
			};
			name = Debug;
		};
		7BB38BF91D964891001A4494 /* Release */ = {
			isa = XCBuildConfiguration;
			baseConfigurationReference = 2450987C91FD39F1CCFE3C21 /* Pods-OpportunityHackTests.release.xcconfig */;
			buildSettings = {
				ALWAYS_EMBED_SWIFT_STANDARD_LIBRARIES = YES;
				BUNDLE_LOADER = "$(TEST_HOST)";
				INFOPLIST_FILE = OpportunityHackTests/Info.plist;
				LD_RUNPATH_SEARCH_PATHS = "$(inherited) @executable_path/Frameworks @loader_path/Frameworks";
				PRODUCT_BUNDLE_IDENTIFIER = com.hackathon.opportunity.OpportunityHackTests;
				PRODUCT_NAME = "$(TARGET_NAME)";
				SWIFT_VERSION = 3.0;
				TEST_HOST = "$(BUILT_PRODUCTS_DIR)/OpportunityHack.app/OpportunityHack";
			};
			name = Release;
		};
		7BB38BFB1D964891001A4494 /* Debug */ = {
			isa = XCBuildConfiguration;
			baseConfigurationReference = F0BAA5128A5ACE8C845791E5 /* Pods-OpportunityHackUITests.debug.xcconfig */;
			buildSettings = {
				ALWAYS_EMBED_SWIFT_STANDARD_LIBRARIES = YES;
				INFOPLIST_FILE = OpportunityHackUITests/Info.plist;
				LD_RUNPATH_SEARCH_PATHS = "$(inherited) @executable_path/Frameworks @loader_path/Frameworks";
				PRODUCT_BUNDLE_IDENTIFIER = com.hackathon.opportunity.OpportunityHackUITests;
				PRODUCT_NAME = "$(TARGET_NAME)";
				SWIFT_VERSION = 3.0;
				TEST_TARGET_NAME = OpportunityHack;
			};
			name = Debug;
		};
		7BB38BFC1D964891001A4494 /* Release */ = {
			isa = XCBuildConfiguration;
			baseConfigurationReference = 33EA7FD3A39F396AC16BE1CC /* Pods-OpportunityHackUITests.release.xcconfig */;
			buildSettings = {
				ALWAYS_EMBED_SWIFT_STANDARD_LIBRARIES = YES;
				INFOPLIST_FILE = OpportunityHackUITests/Info.plist;
				LD_RUNPATH_SEARCH_PATHS = "$(inherited) @executable_path/Frameworks @loader_path/Frameworks";
				PRODUCT_BUNDLE_IDENTIFIER = com.hackathon.opportunity.OpportunityHackUITests;
				PRODUCT_NAME = "$(TARGET_NAME)";
				SWIFT_VERSION = 3.0;
				TEST_TARGET_NAME = OpportunityHack;
			};
			name = Release;
		};
/* End XCBuildConfiguration section */

/* Begin XCConfigurationList section */
		7BB38BC71D964890001A4494 /* Build configuration list for PBXProject "OpportunityHack" */ = {
			isa = XCConfigurationList;
			buildConfigurations = (
				7BB38BF21D964891001A4494 /* Debug */,
				7BB38BF31D964891001A4494 /* Release */,
			);
			defaultConfigurationIsVisible = 0;
			defaultConfigurationName = Release;
		};
		7BB38BF41D964891001A4494 /* Build configuration list for PBXNativeTarget "OpportunityHack" */ = {
			isa = XCConfigurationList;
			buildConfigurations = (
				7BB38BF51D964891001A4494 /* Debug */,
				7BB38BF61D964891001A4494 /* Release */,
			);
			defaultConfigurationIsVisible = 0;
			defaultConfigurationName = Release;
		};
		7BB38BF71D964891001A4494 /* Build configuration list for PBXNativeTarget "OpportunityHackTests" */ = {
			isa = XCConfigurationList;
			buildConfigurations = (
				7BB38BF81D964891001A4494 /* Debug */,
				7BB38BF91D964891001A4494 /* Release */,
			);
			defaultConfigurationIsVisible = 0;
			defaultConfigurationName = Release;
		};
		7BB38BFA1D964891001A4494 /* Build configuration list for PBXNativeTarget "OpportunityHackUITests" */ = {
			isa = XCConfigurationList;
			buildConfigurations = (
				7BB38BFB1D964891001A4494 /* Debug */,
				7BB38BFC1D964891001A4494 /* Release */,
			);
			defaultConfigurationIsVisible = 0;
			defaultConfigurationName = Release;
		};
/* End XCConfigurationList section */
	};
	rootObject = 7BB38BC41D964890001A4494 /* Project object */;
}
